
Microsoft Visual Studio Solution File, Format Version 12.00
# Visual Studio Version 17
VisualStudioVersion = 17.0.31903.59
MinimumVisualStudioVersion = 10.0.40219.1
Project("{2150E333-8FDC-42A3-9474-1A3956D46DE8}") = "src", "src", "{6728D7B9-EAFE-42DF-BE82-08C73F2F88D4}"
EndProject
Project("{FAE04EC0-301F-11D3-BF4B-00C04F79EFBC}") = "JMCL.Core.IocContainer", "src\JMCL.Core.IocContainer\JMCL.Core.IocContainer.csproj", "{DA67FD62-9A14-46A8-92A1-F80476D8C909}"
EndProject
Project("{2150E333-8FDC-42A3-9474-1A3956D46DE8}") = "tools", "tools", "{12DDC0AE-41AB-450D-B00C-35A06B32E968}"
EndProject
Project("{FAE04EC0-301F-11D3-BF4B-00C04F79EFBC}") = "JMCL.Dataverse.ProxyGenerator", "tools\JMCL.Dataverse.ProxyGenerator\JMCL.Dataverse.ProxyGenerator.csproj", "{A68E18C9-039C-4656-BC08-3FDF13C46BDB}"
EndProject
Project("{FAE04EC0-301F-11D3-BF4B-00C04F79EFBC}") = "JMCL.Dataverse.ProxyGenerator.Cmd", "tools\JMCL.Dataverse.ProxyGenerator.Cmd\JMCL.Dataverse.ProxyGenerator.Cmd.csproj", "{8BA93EA6-3478-4FC6-BAB9-421938C7EAD8}"
EndProject
Project("{2150E333-8FDC-42A3-9474-1A3956D46DE8}") = "tests", "tests", "{82931780-725E-4661-A0BB-8E5095CCC2EB}"
EndProject
Project("{FAE04EC0-301F-11D3-BF4B-00C04F79EFBC}") = "JMCL.Core.IocContainer.Tests", "tests\JMCL.Core.IocContainer.Tests\JMCL.Core.IocContainer.Tests.csproj", "{B481CED3-CCE7-4047-BD5B-007C1F742082}"
EndProject
Project("{FAE04EC0-301F-11D3-BF4B-00C04F79EFBC}") = "JMCL.Core.ProcessModel", "src\JMCL.Core.ProcessModel\JMCL.Core.ProcessModel.csproj", "{0F6F5FF4-759B-4C98-9335-DFAE8BD2606B}"
EndProject
Project("{FAE04EC0-301F-11D3-BF4B-00C04F79EFBC}") = "JMCL.Core.Serialization", "src\JMCL.Core.Serialization\JMCL.Core.Serialization.csproj", "{2103D3F5-6E1F-481D-A0A5-4F2EAB78139A}"
EndProject
Project("{FAE04EC0-301F-11D3-BF4B-00C04F79EFBC}") = "JMCL.Core.Net", "src\JMCL.Core.Net\JMCL.Core.Net.csproj", "{CB62E2E3-28C0-462A-B34E-F1B2ABC1FE4F}"
EndProject
Project("{FAE04EC0-301F-11D3-BF4B-00C04F79EFBC}") = "JMCL.Core.RestClient", "src\JMCL.Core.RestClient\JMCL.Core.RestClient.csproj", "{0B48BF90-4B03-416F-A278-2587B3666D62}"
EndProject
Project("{FAE04EC0-301F-11D3-BF4B-00C04F79EFBC}") = "JMCL.Azure.Authentication", "src\JMCL.Azure.Authentication\JMCL.Azure.Authentication.csproj", "{69DF3699-8D39-4992-A400-7BAB459A3B60}"
EndProject
Project("{FAE04EC0-301F-11D3-BF4B-00C04F79EFBC}") = "JMCL.Azure.Secrets", "src\JMCL.Azure.Secrets\JMCL.Azure.Secrets.csproj", "{8E58D3B3-5BA2-437C-B1CA-49FF874070D8}"
EndProject
Project("{FAE04EC0-301F-11D3-BF4B-00C04F79EFBC}") = "JMCL.Core.Encryption", "src\JMCL.Core.Encryption\JMCL.Core.Encryption.csproj", "{C678893E-9C99-4A3D-89EC-76D5726E1F94}"
EndProject
Project("{FAE04EC0-301F-11D3-BF4B-00C04F79EFBC}") = "JMCL.Core.Net.Instrumented", "src\JMCL.Core.Net.Instrumented\JMCL.Core.Net.Instrumented.csproj", "{2B6CD032-C564-4073-9298-F3C6CE80F7A9}"
EndProject
Project("{FAE04EC0-301F-11D3-BF4B-00C04F79EFBC}") = "JMCL.Telemetry", "src\JMCL.Telemetry\JMCL.Telemetry.csproj", "{69D19184-16E0-404C-9AA6-D1714E9EF30B}"
EndProject
Project("{FAE04EC0-301F-11D3-BF4B-00C04F79EFBC}") = "JMCL.Dataverse.Data", "src\JMCL.Dataverse.Data\JMCL.Dataverse.Data.csproj", "{13692A7A-41D8-4249-A339-92D14A31EA0D}"
EndProject
Project("{FAE04EC0-301F-11D3-BF4B-00C04F79EFBC}") = "JMCL.Dataverse.FieldEncryption", "src\JMCL.Dataverse.FieldEncryption\JMCL.Dataverse.FieldEncryption.csproj", "{DB9C9FFE-0401-461D-A951-4B295945C4F6}"
EndProject
Project("{FAE04EC0-301F-11D3-BF4B-00C04F79EFBC}") = "JMCL.Dataverse.Sdk", "src\JMCL.Dataverse.Sdk\JMCL.Dataverse.Sdk.csproj", "{EF73FD30-2A5B-4315-B15D-603EFCD07B8D}"
EndProject
Project("{FAE04EC0-301F-11D3-BF4B-00C04F79EFBC}") = "JMCL.Dataverse.Metadata", "src\JMCL.Dataverse.Metadata\JMCL.Dataverse.Metadata.csproj", "{CB2CF468-89C9-4A5F-8F87-972AA2A3580C}"
EndProject
Project("{FAE04EC0-301F-11D3-BF4B-00C04F79EFBC}") = "JMCL.Dataverse.Sdk.Instrumented", "src\JMCL.Dataverse.Sdk.Instrumented\JMCL.Dataverse.Sdk.Instrumented.csproj", "{B592CECB-8057-4A8B-A4C4-C404A23CB5E7}"
EndProject
Project("{FAE04EC0-301F-11D3-BF4B-00C04F79EFBC}") = "JMCL.Dataverse.Search", "src\JMCL.Dataverse.Search\JMCL.Dataverse.Search.csproj", "{145BE0B3-6E27-4358-8A2B-BD258043618C}"
EndProject
Project("{FAE04EC0-301F-11D3-BF4B-00C04F79EFBC}") = "JMCL.Dataverse.Workflow.Instrumented", "src\JMCL.Dataverse.Workflow.Instrumented\JMCL.Dataverse.Workflow.Instrumented.csproj", "{B238C5FF-B198-4D3C-9F6B-C0B03073B712}"
EndProject
Project("{FAE04EC0-301F-11D3-BF4B-00C04F79EFBC}") = "JMCL.Dataverse.Workflow", "src\JMCL.Dataverse.Workflow\JMCL.Dataverse.Workflow.csproj", "{B245CB4B-2A56-4E80-93B0-1A33BD051222}"
EndProject
Project("{FAE04EC0-301F-11D3-BF4B-00C04F79EFBC}") = "JMCL.Dataverse.ProxyGenerator.Tests", "tests\JMCL.Dataverse.ProxyGenerator.Tests\JMCL.Dataverse.ProxyGenerator.Tests.csproj", "{0F941375-EBC5-4C17-B9B2-78B4C4531726}"
EndProject
Global
	GlobalSection(SolutionConfigurationPlatforms) = preSolution
		Debug|Any CPU = Debug|Any CPU
		Debug|x64 = Debug|x64
		Debug|x86 = Debug|x86
		Release|Any CPU = Release|Any CPU
		Release|x64 = Release|x64
		Release|x86 = Release|x86
	EndGlobalSection
	GlobalSection(ProjectConfigurationPlatforms) = postSolution
		{DA67FD62-9A14-46A8-92A1-F80476D8C909}.Debug|Any CPU.ActiveCfg = Debug|Any CPU
		{DA67FD62-9A14-46A8-92A1-F80476D8C909}.Debug|Any CPU.Build.0 = Debug|Any CPU
		{DA67FD62-9A14-46A8-92A1-F80476D8C909}.Debug|x64.ActiveCfg = Debug|Any CPU
		{DA67FD62-9A14-46A8-92A1-F80476D8C909}.Debug|x64.Build.0 = Debug|Any CPU
		{DA67FD62-9A14-46A8-92A1-F80476D8C909}.Debug|x86.ActiveCfg = Debug|Any CPU
		{DA67FD62-9A14-46A8-92A1-F80476D8C909}.Debug|x86.Build.0 = Debug|Any CPU
		{DA67FD62-9A14-46A8-92A1-F80476D8C909}.Release|Any CPU.ActiveCfg = Release|Any CPU
		{DA67FD62-9A14-46A8-92A1-F80476D8C909}.Release|Any CPU.Build.0 = Release|Any CPU
		{DA67FD62-9A14-46A8-92A1-F80476D8C909}.Release|x64.ActiveCfg = Release|Any CPU
		{DA67FD62-9A14-46A8-92A1-F80476D8C909}.Release|x64.Build.0 = Release|Any CPU
		{DA67FD62-9A14-46A8-92A1-F80476D8C909}.Release|x86.ActiveCfg = Release|Any CPU
		{DA67FD62-9A14-46A8-92A1-F80476D8C909}.Release|x86.Build.0 = Release|Any CPU
		{A68E18C9-039C-4656-BC08-3FDF13C46BDB}.Debug|Any CPU.ActiveCfg = Debug|Any CPU
		{A68E18C9-039C-4656-BC08-3FDF13C46BDB}.Debug|Any CPU.Build.0 = Debug|Any CPU
		{A68E18C9-039C-4656-BC08-3FDF13C46BDB}.Debug|x64.ActiveCfg = Debug|Any CPU
		{A68E18C9-039C-4656-BC08-3FDF13C46BDB}.Debug|x64.Build.0 = Debug|Any CPU
		{A68E18C9-039C-4656-BC08-3FDF13C46BDB}.Debug|x86.ActiveCfg = Debug|Any CPU
		{A68E18C9-039C-4656-BC08-3FDF13C46BDB}.Debug|x86.Build.0 = Debug|Any CPU
		{A68E18C9-039C-4656-BC08-3FDF13C46BDB}.Release|Any CPU.ActiveCfg = Release|Any CPU
		{A68E18C9-039C-4656-BC08-3FDF13C46BDB}.Release|Any CPU.Build.0 = Release|Any CPU
		{A68E18C9-039C-4656-BC08-3FDF13C46BDB}.Release|x64.ActiveCfg = Release|Any CPU
		{A68E18C9-039C-4656-BC08-3FDF13C46BDB}.Release|x64.Build.0 = Release|Any CPU
		{A68E18C9-039C-4656-BC08-3FDF13C46BDB}.Release|x86.ActiveCfg = Release|Any CPU
		{A68E18C9-039C-4656-BC08-3FDF13C46BDB}.Release|x86.Build.0 = Release|Any CPU
		{8BA93EA6-3478-4FC6-BAB9-421938C7EAD8}.Debug|Any CPU.ActiveCfg = Debug|Any CPU
		{8BA93EA6-3478-4FC6-BAB9-421938C7EAD8}.Debug|Any CPU.Build.0 = Debug|Any CPU
		{8BA93EA6-3478-4FC6-BAB9-421938C7EAD8}.Debug|x64.ActiveCfg = Debug|Any CPU
		{8BA93EA6-3478-4FC6-BAB9-421938C7EAD8}.Debug|x64.Build.0 = Debug|Any CPU
		{8BA93EA6-3478-4FC6-BAB9-421938C7EAD8}.Debug|x86.ActiveCfg = Debug|Any CPU
		{8BA93EA6-3478-4FC6-BAB9-421938C7EAD8}.Debug|x86.Build.0 = Debug|Any CPU
		{8BA93EA6-3478-4FC6-BAB9-421938C7EAD8}.Release|Any CPU.ActiveCfg = Release|Any CPU
		{8BA93EA6-3478-4FC6-BAB9-421938C7EAD8}.Release|Any CPU.Build.0 = Release|Any CPU
		{8BA93EA6-3478-4FC6-BAB9-421938C7EAD8}.Release|x64.ActiveCfg = Release|Any CPU
		{8BA93EA6-3478-4FC6-BAB9-421938C7EAD8}.Release|x64.Build.0 = Release|Any CPU
		{8BA93EA6-3478-4FC6-BAB9-421938C7EAD8}.Release|x86.ActiveCfg = Release|Any CPU
		{8BA93EA6-3478-4FC6-BAB9-421938C7EAD8}.Release|x86.Build.0 = Release|Any CPU
		{B481CED3-CCE7-4047-BD5B-007C1F742082}.Debug|Any CPU.ActiveCfg = Debug|Any CPU
		{B481CED3-CCE7-4047-BD5B-007C1F742082}.Debug|Any CPU.Build.0 = Debug|Any CPU
		{B481CED3-CCE7-4047-BD5B-007C1F742082}.Debug|x64.ActiveCfg = Debug|Any CPU
		{B481CED3-CCE7-4047-BD5B-007C1F742082}.Debug|x64.Build.0 = Debug|Any CPU
		{B481CED3-CCE7-4047-BD5B-007C1F742082}.Debug|x86.ActiveCfg = Debug|Any CPU
		{B481CED3-CCE7-4047-BD5B-007C1F742082}.Debug|x86.Build.0 = Debug|Any CPU
		{B481CED3-CCE7-4047-BD5B-007C1F742082}.Release|Any CPU.ActiveCfg = Release|Any CPU
		{B481CED3-CCE7-4047-BD5B-007C1F742082}.Release|Any CPU.Build.0 = Release|Any CPU
		{B481CED3-CCE7-4047-BD5B-007C1F742082}.Release|x64.ActiveCfg = Release|Any CPU
		{B481CED3-CCE7-4047-BD5B-007C1F742082}.Release|x64.Build.0 = Release|Any CPU
		{B481CED3-CCE7-4047-BD5B-007C1F742082}.Release|x86.ActiveCfg = Release|Any CPU
		{B481CED3-CCE7-4047-BD5B-007C1F742082}.Release|x86.Build.0 = Release|Any CPU
		{0F6F5FF4-759B-4C98-9335-DFAE8BD2606B}.Debug|Any CPU.ActiveCfg = Debug|Any CPU
		{0F6F5FF4-759B-4C98-9335-DFAE8BD2606B}.Debug|Any CPU.Build.0 = Debug|Any CPU
		{0F6F5FF4-759B-4C98-9335-DFAE8BD2606B}.Debug|x64.ActiveCfg = Debug|Any CPU
		{0F6F5FF4-759B-4C98-9335-DFAE8BD2606B}.Debug|x64.Build.0 = Debug|Any CPU
		{0F6F5FF4-759B-4C98-9335-DFAE8BD2606B}.Debug|x86.ActiveCfg = Debug|Any CPU
		{0F6F5FF4-759B-4C98-9335-DFAE8BD2606B}.Debug|x86.Build.0 = Debug|Any CPU
		{0F6F5FF4-759B-4C98-9335-DFAE8BD2606B}.Release|Any CPU.ActiveCfg = Release|Any CPU
		{0F6F5FF4-759B-4C98-9335-DFAE8BD2606B}.Release|Any CPU.Build.0 = Release|Any CPU
		{0F6F5FF4-759B-4C98-9335-DFAE8BD2606B}.Release|x64.ActiveCfg = Release|Any CPU
		{0F6F5FF4-759B-4C98-9335-DFAE8BD2606B}.Release|x64.Build.0 = Release|Any CPU
		{0F6F5FF4-759B-4C98-9335-DFAE8BD2606B}.Release|x86.ActiveCfg = Release|Any CPU
		{0F6F5FF4-759B-4C98-9335-DFAE8BD2606B}.Release|x86.Build.0 = Release|Any CPU
		{2103D3F5-6E1F-481D-A0A5-4F2EAB78139A}.Debug|Any CPU.ActiveCfg = Debug|Any CPU
		{2103D3F5-6E1F-481D-A0A5-4F2EAB78139A}.Debug|Any CPU.Build.0 = Debug|Any CPU
		{2103D3F5-6E1F-481D-A0A5-4F2EAB78139A}.Debug|x64.ActiveCfg = Debug|Any CPU
		{2103D3F5-6E1F-481D-A0A5-4F2EAB78139A}.Debug|x64.Build.0 = Debug|Any CPU
		{2103D3F5-6E1F-481D-A0A5-4F2EAB78139A}.Debug|x86.ActiveCfg = Debug|Any CPU
		{2103D3F5-6E1F-481D-A0A5-4F2EAB78139A}.Debug|x86.Build.0 = Debug|Any CPU
		{2103D3F5-6E1F-481D-A0A5-4F2EAB78139A}.Release|Any CPU.ActiveCfg = Release|Any CPU
		{2103D3F5-6E1F-481D-A0A5-4F2EAB78139A}.Release|Any CPU.Build.0 = Release|Any CPU
		{2103D3F5-6E1F-481D-A0A5-4F2EAB78139A}.Release|x64.ActiveCfg = Release|Any CPU
		{2103D3F5-6E1F-481D-A0A5-4F2EAB78139A}.Release|x64.Build.0 = Release|Any CPU
		{2103D3F5-6E1F-481D-A0A5-4F2EAB78139A}.Release|x86.ActiveCfg = Release|Any CPU
		{2103D3F5-6E1F-481D-A0A5-4F2EAB78139A}.Release|x86.Build.0 = Release|Any CPU
		{CB62E2E3-28C0-462A-B34E-F1B2ABC1FE4F}.Debug|Any CPU.ActiveCfg = Debug|Any CPU
		{CB62E2E3-28C0-462A-B34E-F1B2ABC1FE4F}.Debug|Any CPU.Build.0 = Debug|Any CPU
		{CB62E2E3-28C0-462A-B34E-F1B2ABC1FE4F}.Debug|x64.ActiveCfg = Debug|Any CPU
		{CB62E2E3-28C0-462A-B34E-F1B2ABC1FE4F}.Debug|x64.Build.0 = Debug|Any CPU
		{CB62E2E3-28C0-462A-B34E-F1B2ABC1FE4F}.Debug|x86.ActiveCfg = Debug|Any CPU
		{CB62E2E3-28C0-462A-B34E-F1B2ABC1FE4F}.Debug|x86.Build.0 = Debug|Any CPU
		{CB62E2E3-28C0-462A-B34E-F1B2ABC1FE4F}.Release|Any CPU.ActiveCfg = Release|Any CPU
		{CB62E2E3-28C0-462A-B34E-F1B2ABC1FE4F}.Release|Any CPU.Build.0 = Release|Any CPU
		{CB62E2E3-28C0-462A-B34E-F1B2ABC1FE4F}.Release|x64.ActiveCfg = Release|Any CPU
		{CB62E2E3-28C0-462A-B34E-F1B2ABC1FE4F}.Release|x64.Build.0 = Release|Any CPU
		{CB62E2E3-28C0-462A-B34E-F1B2ABC1FE4F}.Release|x86.ActiveCfg = Release|Any CPU
		{CB62E2E3-28C0-462A-B34E-F1B2ABC1FE4F}.Release|x86.Build.0 = Release|Any CPU
		{0B48BF90-4B03-416F-A278-2587B3666D62}.Debug|Any CPU.ActiveCfg = Debug|Any CPU
		{0B48BF90-4B03-416F-A278-2587B3666D62}.Debug|Any CPU.Build.0 = Debug|Any CPU
		{0B48BF90-4B03-416F-A278-2587B3666D62}.Debug|x64.ActiveCfg = Debug|Any CPU
		{0B48BF90-4B03-416F-A278-2587B3666D62}.Debug|x64.Build.0 = Debug|Any CPU
		{0B48BF90-4B03-416F-A278-2587B3666D62}.Debug|x86.ActiveCfg = Debug|Any CPU
		{0B48BF90-4B03-416F-A278-2587B3666D62}.Debug|x86.Build.0 = Debug|Any CPU
		{0B48BF90-4B03-416F-A278-2587B3666D62}.Release|Any CPU.ActiveCfg = Release|Any CPU
		{0B48BF90-4B03-416F-A278-2587B3666D62}.Release|Any CPU.Build.0 = Release|Any CPU
		{0B48BF90-4B03-416F-A278-2587B3666D62}.Release|x64.ActiveCfg = Release|Any CPU
		{0B48BF90-4B03-416F-A278-2587B3666D62}.Release|x64.Build.0 = Release|Any CPU
		{0B48BF90-4B03-416F-A278-2587B3666D62}.Release|x86.ActiveCfg = Release|Any CPU
		{0B48BF90-4B03-416F-A278-2587B3666D62}.Release|x86.Build.0 = Release|Any CPU
		{69DF3699-8D39-4992-A400-7BAB459A3B60}.Debug|Any CPU.ActiveCfg = Debug|Any CPU
		{69DF3699-8D39-4992-A400-7BAB459A3B60}.Debug|Any CPU.Build.0 = Debug|Any CPU
		{69DF3699-8D39-4992-A400-7BAB459A3B60}.Debug|x64.ActiveCfg = Debug|Any CPU
		{69DF3699-8D39-4992-A400-7BAB459A3B60}.Debug|x64.Build.0 = Debug|Any CPU
		{69DF3699-8D39-4992-A400-7BAB459A3B60}.Debug|x86.ActiveCfg = Debug|Any CPU
		{69DF3699-8D39-4992-A400-7BAB459A3B60}.Debug|x86.Build.0 = Debug|Any CPU
		{69DF3699-8D39-4992-A400-7BAB459A3B60}.Release|Any CPU.ActiveCfg = Release|Any CPU
		{69DF3699-8D39-4992-A400-7BAB459A3B60}.Release|Any CPU.Build.0 = Release|Any CPU
		{69DF3699-8D39-4992-A400-7BAB459A3B60}.Release|x64.ActiveCfg = Release|Any CPU
		{69DF3699-8D39-4992-A400-7BAB459A3B60}.Release|x64.Build.0 = Release|Any CPU
		{69DF3699-8D39-4992-A400-7BAB459A3B60}.Release|x86.ActiveCfg = Release|Any CPU
		{69DF3699-8D39-4992-A400-7BAB459A3B60}.Release|x86.Build.0 = Release|Any CPU
		{8E58D3B3-5BA2-437C-B1CA-49FF874070D8}.Debug|Any CPU.ActiveCfg = Debug|Any CPU
		{8E58D3B3-5BA2-437C-B1CA-49FF874070D8}.Debug|Any CPU.Build.0 = Debug|Any CPU
		{8E58D3B3-5BA2-437C-B1CA-49FF874070D8}.Debug|x64.ActiveCfg = Debug|Any CPU
		{8E58D3B3-5BA2-437C-B1CA-49FF874070D8}.Debug|x64.Build.0 = Debug|Any CPU
		{8E58D3B3-5BA2-437C-B1CA-49FF874070D8}.Debug|x86.ActiveCfg = Debug|Any CPU
		{8E58D3B3-5BA2-437C-B1CA-49FF874070D8}.Debug|x86.Build.0 = Debug|Any CPU
		{8E58D3B3-5BA2-437C-B1CA-49FF874070D8}.Release|Any CPU.ActiveCfg = Release|Any CPU
		{8E58D3B3-5BA2-437C-B1CA-49FF874070D8}.Release|Any CPU.Build.0 = Release|Any CPU
		{8E58D3B3-5BA2-437C-B1CA-49FF874070D8}.Release|x64.ActiveCfg = Release|Any CPU
		{8E58D3B3-5BA2-437C-B1CA-49FF874070D8}.Release|x64.Build.0 = Release|Any CPU
		{8E58D3B3-5BA2-437C-B1CA-49FF874070D8}.Release|x86.ActiveCfg = Release|Any CPU
		{8E58D3B3-5BA2-437C-B1CA-49FF874070D8}.Release|x86.Build.0 = Release|Any CPU
		{C678893E-9C99-4A3D-89EC-76D5726E1F94}.Debug|Any CPU.ActiveCfg = Debug|Any CPU
		{C678893E-9C99-4A3D-89EC-76D5726E1F94}.Debug|Any CPU.Build.0 = Debug|Any CPU
		{C678893E-9C99-4A3D-89EC-76D5726E1F94}.Debug|x64.ActiveCfg = Debug|Any CPU
		{C678893E-9C99-4A3D-89EC-76D5726E1F94}.Debug|x64.Build.0 = Debug|Any CPU
		{C678893E-9C99-4A3D-89EC-76D5726E1F94}.Debug|x86.ActiveCfg = Debug|Any CPU
		{C678893E-9C99-4A3D-89EC-76D5726E1F94}.Debug|x86.Build.0 = Debug|Any CPU
		{C678893E-9C99-4A3D-89EC-76D5726E1F94}.Release|Any CPU.ActiveCfg = Release|Any CPU
		{C678893E-9C99-4A3D-89EC-76D5726E1F94}.Release|Any CPU.Build.0 = Release|Any CPU
		{C678893E-9C99-4A3D-89EC-76D5726E1F94}.Release|x64.ActiveCfg = Release|Any CPU
		{C678893E-9C99-4A3D-89EC-76D5726E1F94}.Release|x64.Build.0 = Release|Any CPU
		{C678893E-9C99-4A3D-89EC-76D5726E1F94}.Release|x86.ActiveCfg = Release|Any CPU
		{C678893E-9C99-4A3D-89EC-76D5726E1F94}.Release|x86.Build.0 = Release|Any CPU
		{2B6CD032-C564-4073-9298-F3C6CE80F7A9}.Debug|Any CPU.ActiveCfg = Debug|Any CPU
		{2B6CD032-C564-4073-9298-F3C6CE80F7A9}.Debug|Any CPU.Build.0 = Debug|Any CPU
		{2B6CD032-C564-4073-9298-F3C6CE80F7A9}.Debug|x64.ActiveCfg = Debug|Any CPU
		{2B6CD032-C564-4073-9298-F3C6CE80F7A9}.Debug|x64.Build.0 = Debug|Any CPU
		{2B6CD032-C564-4073-9298-F3C6CE80F7A9}.Debug|x86.ActiveCfg = Debug|Any CPU
		{2B6CD032-C564-4073-9298-F3C6CE80F7A9}.Debug|x86.Build.0 = Debug|Any CPU
		{2B6CD032-C564-4073-9298-F3C6CE80F7A9}.Release|Any CPU.ActiveCfg = Release|Any CPU
		{2B6CD032-C564-4073-9298-F3C6CE80F7A9}.Release|Any CPU.Build.0 = Release|Any CPU
		{2B6CD032-C564-4073-9298-F3C6CE80F7A9}.Release|x64.ActiveCfg = Release|Any CPU
		{2B6CD032-C564-4073-9298-F3C6CE80F7A9}.Release|x64.Build.0 = Release|Any CPU
		{2B6CD032-C564-4073-9298-F3C6CE80F7A9}.Release|x86.ActiveCfg = Release|Any CPU
		{2B6CD032-C564-4073-9298-F3C6CE80F7A9}.Release|x86.Build.0 = Release|Any CPU
		{69D19184-16E0-404C-9AA6-D1714E9EF30B}.Debug|Any CPU.ActiveCfg = Debug|Any CPU
		{69D19184-16E0-404C-9AA6-D1714E9EF30B}.Debug|Any CPU.Build.0 = Debug|Any CPU
		{69D19184-16E0-404C-9AA6-D1714E9EF30B}.Debug|x64.ActiveCfg = Debug|Any CPU
		{69D19184-16E0-404C-9AA6-D1714E9EF30B}.Debug|x64.Build.0 = Debug|Any CPU
		{69D19184-16E0-404C-9AA6-D1714E9EF30B}.Debug|x86.ActiveCfg = Debug|Any CPU
		{69D19184-16E0-404C-9AA6-D1714E9EF30B}.Debug|x86.Build.0 = Debug|Any CPU
		{69D19184-16E0-404C-9AA6-D1714E9EF30B}.Release|Any CPU.ActiveCfg = Release|Any CPU
		{69D19184-16E0-404C-9AA6-D1714E9EF30B}.Release|Any CPU.Build.0 = Release|Any CPU
		{69D19184-16E0-404C-9AA6-D1714E9EF30B}.Release|x64.ActiveCfg = Release|Any CPU
		{69D19184-16E0-404C-9AA6-D1714E9EF30B}.Release|x64.Build.0 = Release|Any CPU
		{69D19184-16E0-404C-9AA6-D1714E9EF30B}.Release|x86.ActiveCfg = Release|Any CPU
		{69D19184-16E0-404C-9AA6-D1714E9EF30B}.Release|x86.Build.0 = Release|Any CPU
		{13692A7A-41D8-4249-A339-92D14A31EA0D}.Debug|Any CPU.ActiveCfg = Debug|Any CPU
		{13692A7A-41D8-4249-A339-92D14A31EA0D}.Debug|Any CPU.Build.0 = Debug|Any CPU
		{13692A7A-41D8-4249-A339-92D14A31EA0D}.Debug|x64.ActiveCfg = Debug|Any CPU
		{13692A7A-41D8-4249-A339-92D14A31EA0D}.Debug|x64.Build.0 = Debug|Any CPU
		{13692A7A-41D8-4249-A339-92D14A31EA0D}.Debug|x86.ActiveCfg = Debug|Any CPU
		{13692A7A-41D8-4249-A339-92D14A31EA0D}.Debug|x86.Build.0 = Debug|Any CPU
		{13692A7A-41D8-4249-A339-92D14A31EA0D}.Release|Any CPU.ActiveCfg = Release|Any CPU
		{13692A7A-41D8-4249-A339-92D14A31EA0D}.Release|Any CPU.Build.0 = Release|Any CPU
		{13692A7A-41D8-4249-A339-92D14A31EA0D}.Release|x64.ActiveCfg = Release|Any CPU
		{13692A7A-41D8-4249-A339-92D14A31EA0D}.Release|x64.Build.0 = Release|Any CPU
		{13692A7A-41D8-4249-A339-92D14A31EA0D}.Release|x86.ActiveCfg = Release|Any CPU
		{13692A7A-41D8-4249-A339-92D14A31EA0D}.Release|x86.Build.0 = Release|Any CPU
		{DB9C9FFE-0401-461D-A951-4B295945C4F6}.Debug|Any CPU.ActiveCfg = Debug|Any CPU
		{DB9C9FFE-0401-461D-A951-4B295945C4F6}.Debug|Any CPU.Build.0 = Debug|Any CPU
		{DB9C9FFE-0401-461D-A951-4B295945C4F6}.Debug|x64.ActiveCfg = Debug|Any CPU
		{DB9C9FFE-0401-461D-A951-4B295945C4F6}.Debug|x64.Build.0 = Debug|Any CPU
		{DB9C9FFE-0401-461D-A951-4B295945C4F6}.Debug|x86.ActiveCfg = Debug|Any CPU
		{DB9C9FFE-0401-461D-A951-4B295945C4F6}.Debug|x86.Build.0 = Debug|Any CPU
		{DB9C9FFE-0401-461D-A951-4B295945C4F6}.Release|Any CPU.ActiveCfg = Release|Any CPU
		{DB9C9FFE-0401-461D-A951-4B295945C4F6}.Release|Any CPU.Build.0 = Release|Any CPU
		{DB9C9FFE-0401-461D-A951-4B295945C4F6}.Release|x64.ActiveCfg = Release|Any CPU
		{DB9C9FFE-0401-461D-A951-4B295945C4F6}.Release|x64.Build.0 = Release|Any CPU
		{DB9C9FFE-0401-461D-A951-4B295945C4F6}.Release|x86.ActiveCfg = Release|Any CPU
		{DB9C9FFE-0401-461D-A951-4B295945C4F6}.Release|x86.Build.0 = Release|Any CPU
		{EF73FD30-2A5B-4315-B15D-603EFCD07B8D}.Debug|Any CPU.ActiveCfg = Debug|Any CPU
		{EF73FD30-2A5B-4315-B15D-603EFCD07B8D}.Debug|Any CPU.Build.0 = Debug|Any CPU
		{EF73FD30-2A5B-4315-B15D-603EFCD07B8D}.Debug|x64.ActiveCfg = Debug|Any CPU
		{EF73FD30-2A5B-4315-B15D-603EFCD07B8D}.Debug|x64.Build.0 = Debug|Any CPU
		{EF73FD30-2A5B-4315-B15D-603EFCD07B8D}.Debug|x86.ActiveCfg = Debug|Any CPU
		{EF73FD30-2A5B-4315-B15D-603EFCD07B8D}.Debug|x86.Build.0 = Debug|Any CPU
		{EF73FD30-2A5B-4315-B15D-603EFCD07B8D}.Release|Any CPU.ActiveCfg = Release|Any CPU
		{EF73FD30-2A5B-4315-B15D-603EFCD07B8D}.Release|Any CPU.Build.0 = Release|Any CPU
		{EF73FD30-2A5B-4315-B15D-603EFCD07B8D}.Release|x64.ActiveCfg = Release|Any CPU
		{EF73FD30-2A5B-4315-B15D-603EFCD07B8D}.Release|x64.Build.0 = Release|Any CPU
		{EF73FD30-2A5B-4315-B15D-603EFCD07B8D}.Release|x86.ActiveCfg = Release|Any CPU
		{EF73FD30-2A5B-4315-B15D-603EFCD07B8D}.Release|x86.Build.0 = Release|Any CPU
		{CB2CF468-89C9-4A5F-8F87-972AA2A3580C}.Debug|Any CPU.ActiveCfg = Debug|Any CPU
		{CB2CF468-89C9-4A5F-8F87-972AA2A3580C}.Debug|Any CPU.Build.0 = Debug|Any CPU
		{CB2CF468-89C9-4A5F-8F87-972AA2A3580C}.Debug|x64.ActiveCfg = Debug|Any CPU
		{CB2CF468-89C9-4A5F-8F87-972AA2A3580C}.Debug|x64.Build.0 = Debug|Any CPU
		{CB2CF468-89C9-4A5F-8F87-972AA2A3580C}.Debug|x86.ActiveCfg = Debug|Any CPU
		{CB2CF468-89C9-4A5F-8F87-972AA2A3580C}.Debug|x86.Build.0 = Debug|Any CPU
		{CB2CF468-89C9-4A5F-8F87-972AA2A3580C}.Release|Any CPU.ActiveCfg = Release|Any CPU
		{CB2CF468-89C9-4A5F-8F87-972AA2A3580C}.Release|Any CPU.Build.0 = Release|Any CPU
		{CB2CF468-89C9-4A5F-8F87-972AA2A3580C}.Release|x64.ActiveCfg = Release|Any CPU
		{CB2CF468-89C9-4A5F-8F87-972AA2A3580C}.Release|x64.Build.0 = Release|Any CPU
		{CB2CF468-89C9-4A5F-8F87-972AA2A3580C}.Release|x86.ActiveCfg = Release|Any CPU
		{CB2CF468-89C9-4A5F-8F87-972AA2A3580C}.Release|x86.Build.0 = Release|Any CPU
		{B592CECB-8057-4A8B-A4C4-C404A23CB5E7}.Debug|Any CPU.ActiveCfg = Debug|Any CPU
		{B592CECB-8057-4A8B-A4C4-C404A23CB5E7}.Debug|Any CPU.Build.0 = Debug|Any CPU
		{B592CECB-8057-4A8B-A4C4-C404A23CB5E7}.Debug|x64.ActiveCfg = Debug|Any CPU
		{B592CECB-8057-4A8B-A4C4-C404A23CB5E7}.Debug|x64.Build.0 = Debug|Any CPU
		{B592CECB-8057-4A8B-A4C4-C404A23CB5E7}.Debug|x86.ActiveCfg = Debug|Any CPU
		{B592CECB-8057-4A8B-A4C4-C404A23CB5E7}.Debug|x86.Build.0 = Debug|Any CPU
		{B592CECB-8057-4A8B-A4C4-C404A23CB5E7}.Release|Any CPU.ActiveCfg = Release|Any CPU
		{B592CECB-8057-4A8B-A4C4-C404A23CB5E7}.Release|Any CPU.Build.0 = Release|Any CPU
		{B592CECB-8057-4A8B-A4C4-C404A23CB5E7}.Release|x64.ActiveCfg = Release|Any CPU
		{B592CECB-8057-4A8B-A4C4-C404A23CB5E7}.Release|x64.Build.0 = Release|Any CPU
		{B592CECB-8057-4A8B-A4C4-C404A23CB5E7}.Release|x86.ActiveCfg = Release|Any CPU
		{B592CECB-8057-4A8B-A4C4-C404A23CB5E7}.Release|x86.Build.0 = Release|Any CPU
		{145BE0B3-6E27-4358-8A2B-BD258043618C}.Debug|Any CPU.ActiveCfg = Debug|Any CPU
		{145BE0B3-6E27-4358-8A2B-BD258043618C}.Debug|Any CPU.Build.0 = Debug|Any CPU
		{145BE0B3-6E27-4358-8A2B-BD258043618C}.Debug|x64.ActiveCfg = Debug|Any CPU
		{145BE0B3-6E27-4358-8A2B-BD258043618C}.Debug|x64.Build.0 = Debug|Any CPU
		{145BE0B3-6E27-4358-8A2B-BD258043618C}.Debug|x86.ActiveCfg = Debug|Any CPU
		{145BE0B3-6E27-4358-8A2B-BD258043618C}.Debug|x86.Build.0 = Debug|Any CPU
		{145BE0B3-6E27-4358-8A2B-BD258043618C}.Release|Any CPU.ActiveCfg = Release|Any CPU
		{145BE0B3-6E27-4358-8A2B-BD258043618C}.Release|Any CPU.Build.0 = Release|Any CPU
		{145BE0B3-6E27-4358-8A2B-BD258043618C}.Release|x64.ActiveCfg = Release|Any CPU
		{145BE0B3-6E27-4358-8A2B-BD258043618C}.Release|x64.Build.0 = Release|Any CPU
		{145BE0B3-6E27-4358-8A2B-BD258043618C}.Release|x86.ActiveCfg = Release|Any CPU
		{145BE0B3-6E27-4358-8A2B-BD258043618C}.Release|x86.Build.0 = Release|Any CPU
		{B238C5FF-B198-4D3C-9F6B-C0B03073B712}.Debug|Any CPU.ActiveCfg = Debug|Any CPU
		{B238C5FF-B198-4D3C-9F6B-C0B03073B712}.Debug|Any CPU.Build.0 = Debug|Any CPU
		{B238C5FF-B198-4D3C-9F6B-C0B03073B712}.Debug|x64.ActiveCfg = Debug|Any CPU
		{B238C5FF-B198-4D3C-9F6B-C0B03073B712}.Debug|x64.Build.0 = Debug|Any CPU
		{B238C5FF-B198-4D3C-9F6B-C0B03073B712}.Debug|x86.ActiveCfg = Debug|Any CPU
		{B238C5FF-B198-4D3C-9F6B-C0B03073B712}.Debug|x86.Build.0 = Debug|Any CPU
		{B238C5FF-B198-4D3C-9F6B-C0B03073B712}.Release|Any CPU.ActiveCfg = Release|Any CPU
		{B238C5FF-B198-4D3C-9F6B-C0B03073B712}.Release|Any CPU.Build.0 = Release|Any CPU
		{B238C5FF-B198-4D3C-9F6B-C0B03073B712}.Release|x64.ActiveCfg = Release|Any CPU
		{B238C5FF-B198-4D3C-9F6B-C0B03073B712}.Release|x64.Build.0 = Release|Any CPU
		{B238C5FF-B198-4D3C-9F6B-C0B03073B712}.Release|x86.ActiveCfg = Release|Any CPU
		{B238C5FF-B198-4D3C-9F6B-C0B03073B712}.Release|x86.Build.0 = Release|Any CPU
		{B245CB4B-2A56-4E80-93B0-1A33BD051222}.Debug|Any CPU.ActiveCfg = Debug|Any CPU
		{B245CB4B-2A56-4E80-93B0-1A33BD051222}.Debug|Any CPU.Build.0 = Debug|Any CPU
		{B245CB4B-2A56-4E80-93B0-1A33BD051222}.Debug|x64.ActiveCfg = Debug|Any CPU
		{B245CB4B-2A56-4E80-93B0-1A33BD051222}.Debug|x64.Build.0 = Debug|Any CPU
		{B245CB4B-2A56-4E80-93B0-1A33BD051222}.Debug|x86.ActiveCfg = Debug|Any CPU
		{B245CB4B-2A56-4E80-93B0-1A33BD051222}.Debug|x86.Build.0 = Debug|Any CPU
		{B245CB4B-2A56-4E80-93B0-1A33BD051222}.Release|Any CPU.ActiveCfg = Release|Any CPU
		{B245CB4B-2A56-4E80-93B0-1A33BD051222}.Release|Any CPU.Build.0 = Release|Any CPU
		{B245CB4B-2A56-4E80-93B0-1A33BD051222}.Release|x64.ActiveCfg = Release|Any CPU
		{B245CB4B-2A56-4E80-93B0-1A33BD051222}.Release|x64.Build.0 = Release|Any CPU
		{B245CB4B-2A56-4E80-93B0-1A33BD051222}.Release|x86.ActiveCfg = Release|Any CPU
		{B245CB4B-2A56-4E80-93B0-1A33BD051222}.Release|x86.Build.0 = Release|Any CPU
		{0F941375-EBC5-4C17-B9B2-78B4C4531726}.Debug|Any CPU.ActiveCfg = Debug|Any CPU
		{0F941375-EBC5-4C17-B9B2-78B4C4531726}.Debug|Any CPU.Build.0 = Debug|Any CPU
		{0F941375-EBC5-4C17-B9B2-78B4C4531726}.Debug|x64.ActiveCfg = Debug|Any CPU
		{0F941375-EBC5-4C17-B9B2-78B4C4531726}.Debug|x64.Build.0 = Debug|Any CPU
		{0F941375-EBC5-4C17-B9B2-78B4C4531726}.Debug|x86.ActiveCfg = Debug|Any CPU
		{0F941375-EBC5-4C17-B9B2-78B4C4531726}.Debug|x86.Build.0 = Debug|Any CPU
		{0F941375-EBC5-4C17-B9B2-78B4C4531726}.Release|Any CPU.ActiveCfg = Release|Any CPU
		{0F941375-EBC5-4C17-B9B2-78B4C4531726}.Release|Any CPU.Build.0 = Release|Any CPU
		{0F941375-EBC5-4C17-B9B2-78B4C4531726}.Release|x64.ActiveCfg = Release|Any CPU
		{0F941375-EBC5-4C17-B9B2-78B4C4531726}.Release|x64.Build.0 = Release|Any CPU
		{0F941375-EBC5-4C17-B9B2-78B4C4531726}.Release|x86.ActiveCfg = Release|Any CPU
		{0F941375-EBC5-4C17-B9B2-78B4C4531726}.Release|x86.Build.0 = Release|Any CPU
	EndGlobalSection
	GlobalSection(SolutionProperties) = preSolution
		HideSolutionNode = FALSE
	EndGlobalSection
	GlobalSection(NestedProjects) = preSolution
		{DA67FD62-9A14-46A8-92A1-F80476D8C909} = {6728D7B9-EAFE-42DF-BE82-08C73F2F88D4}
		{A68E18C9-039C-4656-BC08-3FDF13C46BDB} = {12DDC0AE-41AB-450D-B00C-35A06B32E968}
		{8BA93EA6-3478-4FC6-BAB9-421938C7EAD8} = {12DDC0AE-41AB-450D-B00C-35A06B32E968}
		{B481CED3-CCE7-4047-BD5B-007C1F742082} = {82931780-725E-4661-A0BB-8E5095CCC2EB}
		{0F6F5FF4-759B-4C98-9335-DFAE8BD2606B} = {6728D7B9-EAFE-42DF-BE82-08C73F2F88D4}
		{2103D3F5-6E1F-481D-A0A5-4F2EAB78139A} = {6728D7B9-EAFE-42DF-BE82-08C73F2F88D4}
		{CB62E2E3-28C0-462A-B34E-F1B2ABC1FE4F} = {6728D7B9-EAFE-42DF-BE82-08C73F2F88D4}
		{0B48BF90-4B03-416F-A278-2587B3666D62} = {6728D7B9-EAFE-42DF-BE82-08C73F2F88D4}
		{69DF3699-8D39-4992-A400-7BAB459A3B60} = {6728D7B9-EAFE-42DF-BE82-08C73F2F88D4}
		{8E58D3B3-5BA2-437C-B1CA-49FF874070D8} = {6728D7B9-EAFE-42DF-BE82-08C73F2F88D4}
		{C678893E-9C99-4A3D-89EC-76D5726E1F94} = {6728D7B9-EAFE-42DF-BE82-08C73F2F88D4}
		{2B6CD032-C564-4073-9298-F3C6CE80F7A9} = {6728D7B9-EAFE-42DF-BE82-08C73F2F88D4}
		{69D19184-16E0-404C-9AA6-D1714E9EF30B} = {6728D7B9-EAFE-42DF-BE82-08C73F2F88D4}
		{13692A7A-41D8-4249-A339-92D14A31EA0D} = {6728D7B9-EAFE-42DF-BE82-08C73F2F88D4}
		{DB9C9FFE-0401-461D-A951-4B295945C4F6} = {6728D7B9-EAFE-42DF-BE82-08C73F2F88D4}
		{EF73FD30-2A5B-4315-B15D-603EFCD07B8D} = {6728D7B9-EAFE-42DF-BE82-08C73F2F88D4}
		{CB2CF468-89C9-4A5F-8F87-972AA2A3580C} = {6728D7B9-EAFE-42DF-BE82-08C73F2F88D4}
		{B592CECB-8057-4A8B-A4C4-C404A23CB5E7} = {6728D7B9-EAFE-42DF-BE82-08C73F2F88D4}
		{145BE0B3-6E27-4358-8A2B-BD258043618C} = {6728D7B9-EAFE-42DF-BE82-08C73F2F88D4}
		{B238C5FF-B198-4D3C-9F6B-C0B03073B712} = {6728D7B9-EAFE-42DF-BE82-08C73F2F88D4}
		{B245CB4B-2A56-4E80-93B0-1A33BD051222} = {6728D7B9-EAFE-42DF-BE82-08C73F2F88D4}
		{0F941375-EBC5-4C17-B9B2-78B4C4531726} = {82931780-725E-4661-A0BB-8E5095CCC2EB}
	EndGlobalSection
EndGlobal
